// !$*UTF8*$!
{
	archiveVersion = 1;
	classes = {
	};
	objectVersion = 50;
	objects = {

/* Begin PBXBuildFile section */
		7BB171992432362A0054FD51 /* AppDelegate.swift in Sources */ = {isa = PBXBuildFile; fileRef = 7BB171982432362A0054FD51 /* AppDelegate.swift */; };
		7BB1719B2432362A0054FD51 /* SceneDelegate.swift in Sources */ = {isa = PBXBuildFile; fileRef = 7BB1719A2432362A0054FD51 /* SceneDelegate.swift */; };
		7BB1719D2432362A0054FD51 /* ViewController.swift in Sources */ = {isa = PBXBuildFile; fileRef = 7BB1719C2432362A0054FD51 /* ViewController.swift */; };
		7BB171A02432362A0054FD51 /* Main.storyboard in Resources */ = {isa = PBXBuildFile; fileRef = 7BB1719E2432362A0054FD51 /* Main.storyboard */; };
		7BB171A22432362B0054FD51 /* Assets.xcassets in Resources */ = {isa = PBXBuildFile; fileRef = 7BB171A12432362B0054FD51 /* Assets.xcassets */; };
		7BB171A52432362B0054FD51 /* LaunchScreen.storyboard in Resources */ = {isa = PBXBuildFile; fileRef = 7BB171A32432362B0054FD51 /* LaunchScreen.storyboard */; };
		7BB171B02432362B0054FD51 /* TipCalculatorTests.swift in Sources */ = {isa = PBXBuildFile; fileRef = 7BB171AF2432362B0054FD51 /* TipCalculatorTests.swift */; };
		7BB171BB243242790054FD51 /* Tip.swift in Sources */ = {isa = PBXBuildFile; fileRef = 7BB171BA243242790054FD51 /* Tip.swift */; };
		7BB171BD243242D70054FD51 /* TipCalcViewModel.swift in Sources */ = {isa = PBXBuildFile; fileRef = 7BB171BC243242D70054FD51 /* TipCalcViewModel.swift */; };
		7BB171BF243243AB0054FD51 /* Extensions.swift in Sources */ = {isa = PBXBuildFile; fileRef = 7BB171BE243243AB0054FD51 /* Extensions.swift */; };
/* End PBXBuildFile section */

/* Begin PBXContainerItemProxy section */
		7BB171AC2432362B0054FD51 /* PBXContainerItemProxy */ = {
			isa = PBXContainerItemProxy;
			containerPortal = 7BB1718D2432362A0054FD51 /* Project object */;
			proxyType = 1;
			remoteGlobalIDString = 7BB171942432362A0054FD51;
			remoteInfo = TipCalculator;
		};
/* End PBXContainerItemProxy section */

/* Begin PBXFileReference section */
		7BB171952432362A0054FD51 /* TipCalculator.app */ = {isa = PBXFileReference; explicitFileType = wrapper.application; includeInIndex = 0; path = TipCalculator.app; sourceTree = BUILT_PRODUCTS_DIR; };
		7BB171982432362A0054FD51 /* AppDelegate.swift */ = {isa = PBXFileReference; lastKnownFileType = sourcecode.swift; path = AppDelegate.swift; sourceTree = "<group>"; };
		7BB1719A2432362A0054FD51 /* SceneDelegate.swift */ = {isa = PBXFileReference; lastKnownFileType = sourcecode.swift; path = SceneDelegate.swift; sourceTree = "<group>"; };
		7BB1719C2432362A0054FD51 /* ViewController.swift */ = {isa = PBXFileReference; lastKnownFileType = sourcecode.swift; path = ViewController.swift; sourceTree = "<group>"; };
		7BB1719F2432362A0054FD51 /* Base */ = {isa = PBXFileReference; lastKnownFileType = file.storyboard; name = Base; path = Base.lproj/Main.storyboard; sourceTree = "<group>"; };
		7BB171A12432362B0054FD51 /* Assets.xcassets */ = {isa = PBXFileReference; lastKnownFileType = folder.assetcatalog; path = Assets.xcassets; sourceTree = "<group>"; };
		7BB171A42432362B0054FD51 /* Base */ = {isa = PBXFileReference; lastKnownFileType = file.storyboard; name = Base; path = Base.lproj/LaunchScreen.storyboard; sourceTree = "<group>"; };
		7BB171A62432362B0054FD51 /* Info.plist */ = {isa = PBXFileReference; lastKnownFileType = text.plist.xml; path = Info.plist; sourceTree = "<group>"; };
		7BB171AB2432362B0054FD51 /* TipCalculatorTests.xctest */ = {isa = PBXFileReference; explicitFileType = wrapper.cfbundle; includeInIndex = 0; path = TipCalculatorTests.xctest; sourceTree = BUILT_PRODUCTS_DIR; };
		7BB171AF2432362B0054FD51 /* TipCalculatorTests.swift */ = {isa = PBXFileReference; lastKnownFileType = sourcecode.swift; path = TipCalculatorTests.swift; sourceTree = "<group>"; };
		7BB171B12432362B0054FD51 /* Info.plist */ = {isa = PBXFileReference; lastKnownFileType = text.plist.xml; path = Info.plist; sourceTree = "<group>"; };
		7BB171BA243242790054FD51 /* Tip.swift */ = {isa = PBXFileReference; lastKnownFileType = sourcecode.swift; path = Tip.swift; sourceTree = "<group>"; };
		7BB171BC243242D70054FD51 /* TipCalcViewModel.swift */ = {isa = PBXFileReference; lastKnownFileType = sourcecode.swift; path = TipCalcViewModel.swift; sourceTree = "<group>"; };
		7BB171BE243243AB0054FD51 /* Extensions.swift */ = {isa = PBXFileReference; lastKnownFileType = sourcecode.swift; path = Extensions.swift; sourceTree = "<group>"; };
/* End PBXFileReference section */

/* Begin PBXFrameworksBuildPhase section */
		7BB171922432362A0054FD51 /* Frameworks */ = {
			isa = PBXFrameworksBuildPhase;
			buildActionMask = 2147483647;
			files = (
			);
			runOnlyForDeploymentPostprocessing = 0;
		};
		7BB171A82432362B0054FD51 /* Frameworks */ = {
			isa = PBXFrameworksBuildPhase;
			buildActionMask = 2147483647;
			files = (
			);
			runOnlyForDeploymentPostprocessing = 0;
		};
/* End PBXFrameworksBuildPhase section */

/* Begin PBXGroup section */
		7BB1718C2432362A0054FD51 = {
			isa = PBXGroup;
			children = (
				7BB171972432362A0054FD51 /* TipCalculator */,
				7BB171AE2432362B0054FD51 /* TipCalculatorTests */,
				7BB171962432362A0054FD51 /* Products */,
			);
			sourceTree = "<group>";
		};
		7BB171962432362A0054FD51 /* Products */ = {
			isa = PBXGroup;
			children = (
				7BB171952432362A0054FD51 /* TipCalculator.app */,
				7BB171AB2432362B0054FD51 /* TipCalculatorTests.xctest */,
			);
			name = Products;
			sourceTree = "<group>";
		};
		7BB171972432362A0054FD51 /* TipCalculator */ = {
			isa = PBXGroup;
			children = (
				7BB171982432362A0054FD51 /* AppDelegate.swift */,
				7BB1719A2432362A0054FD51 /* SceneDelegate.swift */,
				7BB1719C2432362A0054FD51 /* ViewController.swift */,
				7BB1719E2432362A0054FD51 /* Main.storyboard */,
				7BB171A12432362B0054FD51 /* Assets.xcassets */,
				7BB171A32432362B0054FD51 /* LaunchScreen.storyboard */,
				7BB171A62432362B0054FD51 /* Info.plist */,
				7BB171BA243242790054FD51 /* Tip.swift */,
				7BB171BC243242D70054FD51 /* TipCalcViewModel.swift */,
				7BB171BE243243AB0054FD51 /* Extensions.swift */,
			);
			path = TipCalculator;
			sourceTree = "<group>";
		};
		7BB171AE2432362B0054FD51 /* TipCalculatorTests */ = {
			isa = PBXGroup;
			children = (
				7BB171AF2432362B0054FD51 /* TipCalculatorTests.swift */,
				7BB171B12432362B0054FD51 /* Info.plist */,
			);
			path = TipCalculatorTests;
			sourceTree = "<group>";
		};
/* End PBXGroup section */

/* Begin PBXNativeTarget section */
		7BB171942432362A0054FD51 /* TipCalculator */ = {
			isa = PBXNativeTarget;
			buildConfigurationList = 7BB171B42432362B0054FD51 /* Build configuration list for PBXNativeTarget "TipCalculator" */;
			buildPhases = (
				7BB171912432362A0054FD51 /* Sources */,
				7BB171922432362A0054FD51 /* Frameworks */,
				7BB171932432362A0054FD51 /* Resources */,
			);
			buildRules = (
			);
			dependencies = (
			);
			name = TipCalculator;
			productName = TipCalculator;
			productReference = 7BB171952432362A0054FD51 /* TipCalculator.app */;
			productType = "com.apple.product-type.application";
		};
		7BB171AA2432362B0054FD51 /* TipCalculatorTests */ = {
			isa = PBXNativeTarget;
			buildConfigurationList = 7BB171B72432362B0054FD51 /* Build configuration list for PBXNativeTarget "TipCalculatorTests" */;
			buildPhases = (
				7BB171A72432362B0054FD51 /* Sources */,
				7BB171A82432362B0054FD51 /* Frameworks */,
				7BB171A92432362B0054FD51 /* Resources */,
			);
			buildRules = (
			);
			dependencies = (
				7BB171AD2432362B0054FD51 /* PBXTargetDependency */,
			);
			name = TipCalculatorTests;
			productName = TipCalculatorTests;
			productReference = 7BB171AB2432362B0054FD51 /* TipCalculatorTests.xctest */;
			productType = "com.apple.product-type.bundle.unit-test";
		};
/* End PBXNativeTarget section */

/* Begin PBXProject section */
		7BB1718D2432362A0054FD51 /* Project object */ = {
			isa = PBXProject;
			attributes = {
				LastSwiftUpdateCheck = 1130;
				LastUpgradeCheck = 1130;
				ORGANIZATIONNAME = "Esra Dursun";
				TargetAttributes = {
					7BB171942432362A0054FD51 = {
						CreatedOnToolsVersion = 11.3.1;
					};
					7BB171AA2432362B0054FD51 = {
						CreatedOnToolsVersion = 11.3.1;
						TestTargetID = 7BB171942432362A0054FD51;
					};
				};
			};
			buildConfigurationList = 7BB171902432362A0054FD51 /* Build configuration list for PBXProject "TipCalculator" */;
			compatibilityVersion = "Xcode 9.3";
			developmentRegion = en;
			hasScannedForEncodings = 0;
			knownRegions = (
				en,
				Base,
			);
			mainGroup = 7BB1718C2432362A0054FD51;
			productRefGroup = 7BB171962432362A0054FD51 /* Products */;
			projectDirPath = "";
			projectRoot = "";
			targets = (
				7BB171942432362A0054FD51 /* TipCalculator */,
				7BB171AA2432362B0054FD51 /* TipCalculatorTests */,
			);
		};
/* End PBXProject section */

/* Begin PBXResourcesBuildPhase section */
		7BB171932432362A0054FD51 /* Resources */ = {
			isa = PBXResourcesBuildPhase;
			buildActionMask = 2147483647;
			files = (
				7BB171A52432362B0054FD51 /* LaunchScreen.storyboard in Resources */,
				7BB171A22432362B0054FD51 /* Assets.xcassets in Resources */,
				7BB171A02432362A0054FD51 /* Main.storyboard in Resources */,
			);
			runOnlyForDeploymentPostprocessing = 0;
		};
		7BB171A92432362B0054FD51 /* Resources */ = {
			isa = PBXResourcesBuildPhase;
			buildActionMask = 2147483647;
			files = (
			);
			runOnlyForDeploymentPostprocessing = 0;
		};
/* End PBXResourcesBuildPhase section */

/* Begin PBXSourcesBuildPhase section */
		7BB171912432362A0054FD51 /* Sources */ = {
			isa = PBXSourcesBuildPhase;
			buildActionMask = 2147483647;
			files = (
				7BB1719D2432362A0054FD51 /* ViewController.swift in Sources */,
				7BB171BF243243AB0054FD51 /* Extensions.swift in Sources */,
				7BB171BB243242790054FD51 /* Tip.swift in Sources */,
				7BB171992432362A0054FD51 /* AppDelegate.swift in Sources */,
				7BB171BD243242D70054FD51 /* TipCalcViewModel.swift in Sources */,
				7BB1719B2432362A0054FD51 /* SceneDelegate.swift in Sources */,
			);
			runOnlyForDeploymentPostprocessing = 0;
		};
		7BB171A72432362B0054FD51 /* Sources */ = {
			isa = PBXSourcesBuildPhase;
			buildActionMask = 2147483647;
			files = (
				7BB171B02432362B0054FD51 /* TipCalculatorTests.swift in Sources */,
			);
			runOnlyForDeploymentPostprocessing = 0;
		};
/* End PBXSourcesBuildPhase section */

/* Begin PBXTargetDependency section */
		7BB171AD2432362B0054FD51 /* PBXTargetDependency */ = {
			isa = PBXTargetDependency;
			target = 7BB171942432362A0054FD51 /* TipCalculator */;
			targetProxy = 7BB171AC2432362B0054FD51 /* PBXContainerItemProxy */;
		};
/* End PBXTargetDependency section */

/* Begin PBXVariantGroup section */
		7BB1719E2432362A0054FD51 /* Main.storyboard */ = {
			isa = PBXVariantGroup;
			children = (
				7BB1719F2432362A0054FD51 /* Base */,
			);
			name = Main.storyboard;
			sourceTree = "<group>";
		};
		7BB171A32432362B0054FD51 /* LaunchScreen.storyboard */ = {
			isa = PBXVariantGroup;
			children = (
				7BB171A42432362B0054FD51 /* Base */,
			);
			name = LaunchScreen.storyboard;
			sourceTree = "<group>";
		};
/* End PBXVariantGroup section */

/* Begin XCBuildConfiguration section */
		7BB171B22432362B0054FD51 /* Debug */ = {
			isa = XCBuildConfiguration;
			buildSettings = {
				ALWAYS_SEARCH_USER_PATHS = NO;
				CLANG_ANALYZER_NONNULL = YES;
				CLANG_ANALYZER_NUMBER_OBJECT_CONVERSION = YES_AGGRESSIVE;
				CLANG_CXX_LANGUAGE_STANDARD = "gnu++14";
				CLANG_CXX_LIBRARY = "libc++";
				CLANG_ENABLE_MODULES = YES;
				CLANG_ENABLE_OBJC_ARC = YES;
				CLANG_ENABLE_OBJC_WEAK = YES;
				CLANG_WARN_BLOCK_CAPTURE_AUTORELEASING = YES;
				CLANG_WARN_BOOL_CONVERSION = YES;
				CLANG_WARN_COMMA = YES;
				CLANG_WARN_CONSTANT_CONVERSION = YES;
				CLANG_WARN_DEPRECATED_OBJC_IMPLEMENTATIONS = YES;
				CLANG_WARN_DIRECT_OBJC_ISA_USAGE = YES_ERROR;
				CLANG_WARN_DOCUMENTATION_COMMENTS = YES;
				CLANG_WARN_EMPTY_BODY = YES;
				CLANG_WARN_ENUM_CONVERSION = YES;
				CLANG_WARN_INFINITE_RECURSION = YES;
				CLANG_WARN_INT_CONVERSION = YES;
				CLANG_WARN_NON_LITERAL_NULL_CONVERSION = YES;
				CLANG_WARN_OBJC_IMPLICIT_RETAIN_SELF = YES;
				CLANG_WARN_OBJC_LITERAL_CONVERSION = YES;
				CLANG_WARN_OBJC_ROOT_CLASS = YES_ERROR;
				CLANG_WARN_RANGE_LOOP_ANALYSIS = YES;
				CLANG_WARN_STRICT_PROTOTYPES = YES;
				CLANG_WARN_SUSPICIOUS_MOVE = YES;
				CLANG_WARN_UNGUARDED_AVAILABILITY = YES_AGGRESSIVE;
				CLANG_WARN_UNREACHABLE_CODE = YES;
				CLANG_WARN__DUPLICATE_METHOD_MATCH = YES;
				COPY_PHASE_STRIP = NO;
				DEBUG_INFORMATION_FORMAT = dwarf;
				ENABLE_STRICT_OBJC_MSGSEND = YES;
				ENABLE_TESTABILITY = YES;
				GCC_C_LANGUAGE_STANDARD = gnu11;
				GCC_DYNAMIC_NO_PIC = NO;
				GCC_NO_COMMON_BLOCKS = YES;
				GCC_OPTIMIZATION_LEVEL = 0;
				GCC_PREPROCESSOR_DEFINITIONS = (
					"DEBUG=1",
					"$(inherited)",
				);
				GCC_WARN_64_TO_32_BIT_CONVERSION = YES;
				GCC_WARN_ABOUT_RETURN_TYPE = YES_ERROR;
				GCC_WARN_UNDECLARED_SELECTOR = YES;
				GCC_WARN_UNINITIALIZED_AUTOS = YES_AGGRESSIVE;
				GCC_WARN_UNUSED_FUNCTION = YES;
				GCC_WARN_UNUSED_VARIABLE = YES;
				IPHONEOS_DEPLOYMENT_TARGET = 13.2;
				MTL_ENABLE_DEBUG_INFO = INCLUDE_SOURCE;
				MTL_FAST_MATH = YES;
				ONLY_ACTIVE_ARCH = YES;
				SDKROOT = iphoneos;
				SWIFT_ACTIVE_COMPILATION_CONDITIONS = DEBUG;
				SWIFT_OPTIMIZATION_LEVEL = "-Onone";
			};
			name = Debug;
		};
		7BB171B32432362B0054FD51 /* Release */ = {
			isa = XCBuildConfiguration;
			buildSettings = {
				ALWAYS_SEARCH_USER_PATHS = NO;
				CLANG_ANALYZER_NONNULL = YES;
				CLANG_ANALYZER_NUMBER_OBJECT_CONVERSION = YES_AGGRESSIVE;
				CLANG_CXX_LANGUAGE_STANDARD = "gnu++14";
				CLANG_CXX_LIBRARY = "libc++";
				CLANG_ENABLE_MODULES = YES;
				CLANG_ENABLE_OBJC_ARC = YES;
				CLANG_ENABLE_OBJC_WEAK = YES;
				CLANG_WARN_BLOCK_CAPTURE_AUTORELEASING = YES;
				CLANG_WARN_BOOL_CONVERSION = YES;
				CLANG_WARN_COMMA = YES;
				CLANG_WARN_CONSTANT_CONVERSION = YES;
				CLANG_WARN_DEPRECATED_OBJC_IMPLEMENTATIONS = YES;
				CLANG_WARN_DIRECT_OBJC_ISA_USAGE = YES_ERROR;
				CLANG_WARN_DOCUMENTATION_COMMENTS = YES;
				CLANG_WARN_EMPTY_BODY = YES;
				CLANG_WARN_ENUM_CONVERSION = YES;
				CLANG_WARN_INFINITE_RECURSION = YES;
				CLANG_WARN_INT_CONVERSION = YES;
				CLANG_WARN_NON_LITERAL_NULL_CONVERSION = YES;
				CLANG_WARN_OBJC_IMPLICIT_RETAIN_SELF = YES;
				CLANG_WARN_OBJC_LITERAL_CONVERSION = YES;
				CLANG_WARN_OBJC_ROOT_CLASS = YES_ERROR;
				CLANG_WARN_RANGE_LOOP_ANALYSIS = YES;
				CLANG_WARN_STRICT_PROTOTYPES = YES;
				CLANG_WARN_SUSPICIOUS_MOVE = YES;
				CLANG_WARN_UNGUARDED_AVAILABILITY = YES_AGGRESSIVE;
				CLANG_WARN_UNREACHABLE_CODE = YES;
				CLANG_WARN__DUPLICATE_METHOD_MATCH = YES;
				COPY_PHASE_STRIP = NO;
				DEBUG_INFORMATION_FORMAT = "dwarf-with-dsym";
				ENABLE_NS_ASSERTIONS = NO;
				ENABLE_STRICT_OBJC_MSGSEND = YES;
				GCC_C_LANGUAGE_STANDARD = gnu11;
				GCC_NO_COMMON_BLOCKS = YES;
				GCC_WARN_64_TO_32_BIT_CONVERSION = YES;
				GCC_WARN_ABOUT_RETURN_TYPE = YES_ERROR;
				GCC_WARN_UNDECLARED_SELECTOR = YES;
				GCC_WARN_UNINITIALIZED_AUTOS = YES_AGGRESSIVE;
				GCC_WARN_UNUSED_FUNCTION = YES;
				GCC_WARN_UNUSED_VARIABLE = YES;
				IPHONEOS_DEPLOYMENT_TARGET = 13.2;
				MTL_ENABLE_DEBUG_INFO = NO;
				MTL_FAST_MATH = YES;
				SDKROOT = iphoneos;
				SWIFT_COMPILATION_MODE = wholemodule;
				SWIFT_OPTIMIZATION_LEVEL = "-O";
				VALIDATE_PRODUCT = YES;
			};
			name = Release;
		};
		7BB171B52432362B0054FD51 /* Debug */ = {
			isa = XCBuildConfiguration;
			buildSettings = {
				ASSETCATALOG_COMPILER_APPICON_NAME = AppIcon;
				CODE_SIGN_STYLE = Automatic;
				DEVELOPMENT_TEAM = 64498CY35H;
				INFOPLIST_FILE = TipCalculator/Info.plist;
				LD_RUNPATH_SEARCH_PATHS = (
					"$(inherited)",
					"@executable_path/Frameworks",
				);
				PRODUCT_BUNDLE_IDENTIFIER = com.esra.TipCalculator;
				PRODUCT_NAME = "$(TARGET_NAME)";
				SWIFT_VERSION = 5.0;
				TARGETED_DEVICE_FAMILY = "1,2";
			};
			name = Debug;
		};
		7BB171B62432362B0054FD51 /* Release */ = {
			isa = XCBuildConfiguration;
			buildSettings = {
				ASSETCATALOG_COMPILER_APPICON_NAME = AppIcon;
				CODE_SIGN_STYLE = Automatic;
				DEVELOPMENT_TEAM = 64498CY35H;
				INFOPLIST_FILE = TipCalculator/Info.plist;
				LD_RUNPATH_SEARCH_PATHS = (
					"$(inherited)",
					"@executable_path/Frameworks",
				);
				PRODUCT_BUNDLE_IDENTIFIER = com.esra.TipCalculator;
				PRODUCT_NAME = "$(TARGET_NAME)";
				SWIFT_VERSION = 5.0;
				TARGETED_DEVICE_FAMILY = "1,2";
			};
			name = Release;
		};
		7BB171B82432362B0054FD51 /* Debug */ = {
			isa = XCBuildConfiguration;
			buildSettings = {
				ALWAYS_EMBED_SWIFT_STANDARD_LIBRARIES = YES;
				BUNDLE_LOADER = "$(TEST_HOST)";
				CODE_SIGN_STYLE = Automatic;
				DEVELOPMENT_TEAM = 64498CY35H;
				INFOPLIST_FILE = TipCalculatorTests/Info.plist;
				IPHONEOS_DEPLOYMENT_TARGET = 13.2;
				LD_RUNPATH_SEARCH_PATHS = (
					"$(inherited)",
					"@executable_path/Frameworks",
					"@loader_path/Frameworks",
				);
				PRODUCT_BUNDLE_IDENTIFIER = com.esra.TipCalculatorTests;
				PRODUCT_NAME = "$(TARGET_NAME)";
				SWIFT_VERSION = 5.0;
				TARGETED_DEVICE_FAMILY = "1,2";
				TEST_HOST = "$(BUILT_PRODUCTS_DIR)/TipCalculator.app/TipCalculator";
			};
			name = Debug;
		};
		7BB171B92432362B0054FD51 /* Release */ = {
			isa = XCBuildConfiguration;
			buildSettings = {
				ALWAYS_EMBED_SWIFT_STANDARD_LIBRARIES = YES;
				BUNDLE_LOADER = "$(TEST_HOST)";
				CODE_SIGN_STYLE = Automatic;
				DEVELOPMENT_TEAM = 64498CY35H;
				INFOPLIST_FILE = TipCalculatorTests/Info.plist;
				IPHONEOS_DEPLOYMENT_TARGET = 13.2;
				LD_RUNPATH_SEARCH_PATHS = (
					"$(inherited)",
					"@executable_path/Frameworks",
					"@loader_path/Frameworks",
				);
				PRODUCT_BUNDLE_IDENTIFIER = com.esra.TipCalculatorTests;
				PRODUCT_NAME = "$(TARGET_NAME)";
				SWIFT_VERSION = 5.0;
				TARGETED_DEVICE_FAMILY = "1,2";
				TEST_HOST = "$(BUILT_PRODUCTS_DIR)/TipCalculator.app/TipCalculator";
			};
			name = Release;
		};
/* End XCBuildConfiguration section */

/* Begin XCConfigurationList section */
		7BB171902432362A0054FD51 /* Build configuration list for PBXProject "TipCalculator" */ = {
			isa = XCConfigurationList;
			buildConfigurations = (
				7BB171B22432362B0054FD51 /* Debug */,
				7BB171B32432362B0054FD51 /* Release */,
			);
			defaultConfigurationIsVisible = 0;
			defaultConfigurationName = Release;
		};
		7BB171B42432362B0054FD51 /* Build configuration list for PBXNativeTarget "TipCalculator" */ = {
			isa = XCConfigurationList;
			buildConfigurations = (
				7BB171B52432362B0054FD51 /* Debug */,
				7BB171B62432362B0054FD51 /* Release */,
			);
			defaultConfigurationIsVisible = 0;
			defaultConfigurationName = Release;
		};
		7BB171B72432362B0054FD51 /* Build configuration list for PBXNativeTarget "TipCalculatorTests" */ = {
			isa = XCConfigurationList;
			buildConfigurations = (
				7BB171B82432362B0054FD51 /* Debug */,
				7BB171B92432362B0054FD51 /* Release */,
			);
			defaultConfigurationIsVisible = 0;
			defaultConfigurationName = Release;
		};
/* End XCConfigurationList section */
	};
	rootObject = 7BB1718D2432362A0054FD51 /* Project object */;
}
